
Microsoft Visual Studio Solution File, Format Version 12.00
# Visual Studio Version 16
VisualStudioVersion = 16.0.30128.74
MinimumVisualStudioVersion = 10.0.40219.1
Project("{FAE04EC0-301F-11D3-BF4B-00C04F79EFBC}") = "WF_ConversorMedidas", "WF_ConversorMedidas\WF_ConversorMedidas.csproj", "{C819B86C-67CD-4679-95EF-D4B4AA5AD9CF}"
EndProject
Global
	GlobalSection(SolutionConfigurationPlatforms) = preSolution
		Debug|Any CPU = Debug|Any CPU
		Release|Any CPU = Release|Any CPU
	EndGlobalSection
	GlobalSection(ProjectConfigurationPlatforms) = postSolution
		{C819B86C-67CD-4679-95EF-D4B4AA5AD9CF}.Debug|Any CPU.ActiveCfg = Debug|Any CPU
		{C819B86C-67CD-4679-95EF-D4B4AA5AD9CF}.Debug|Any CPU.Build.0 = Debug|Any CPU
		{C819B86C-67CD-4679-95EF-D4B4AA5AD9CF}.Release|Any CPU.ActiveCfg = Release|Any CPU
		{C819B86C-67CD-4679-95EF-D4B4AA5AD9CF}.Release|Any CPU.Build.0 = Release|Any CPU
	EndGlobalSection
	GlobalSection(SolutionProperties) = preSolution
		HideSolutionNode = FALSE
	EndGlobalSection
	GlobalSection(ExtensibilityGlobals) = postSolution
		SolutionGuid = {892674D8-B632-47FF-9C89-11D354071815}
	EndGlobalSection
EndGlobal
